// !$*UTF8*$!
{
	archiveVersion = 1;
	classes = {
	};
	objectVersion = 50;
	objects = {

/* Begin PBXBuildFile section */
		182A245022BE494500B296C8 /* ViewController2.swift in Sources */ = {isa = PBXBuildFile; fileRef = 182A244E22BE494500B296C8 /* ViewController2.swift */; };
		182A245122BE494500B296C8 /* ViewController2.xib in Resources */ = {isa = PBXBuildFile; fileRef = 182A244F22BE494500B296C8 /* ViewController2.xib */; };
		183DD5DF22BCD13C0093D11C /* AppDelegate.swift in Sources */ = {isa = PBXBuildFile; fileRef = 183DD5DE22BCD13C0093D11C /* AppDelegate.swift */; };
		183DD5E122BCD13C0093D11C /* art.scnassets in Resources */ = {isa = PBXBuildFile; fileRef = 183DD5E022BCD13C0093D11C /* art.scnassets */; };
		183DD5E322BCD13C0093D11C /* ViewController.swift in Sources */ = {isa = PBXBuildFile; fileRef = 183DD5E222BCD13C0093D11C /* ViewController.swift */; };
		183DD5E622BCD13C0093D11C /* Main.storyboard in Resources */ = {isa = PBXBuildFile; fileRef = 183DD5E422BCD13C0093D11C /* Main.storyboard */; };
		183DD5E822BCD13E0093D11C /* Assets.xcassets in Resources */ = {isa = PBXBuildFile; fileRef = 183DD5E722BCD13E0093D11C /* Assets.xcassets */; };
		183DD5EB22BCD13E0093D11C /* LaunchScreen.storyboard in Resources */ = {isa = PBXBuildFile; fileRef = 183DD5E922BCD13E0093D11C /* LaunchScreen.storyboard */; };
/* End PBXBuildFile section */

/* Begin PBXFileReference section */
		182A244E22BE494500B296C8 /* ViewController2.swift */ = {isa = PBXFileReference; lastKnownFileType = sourcecode.swift; path = ViewController2.swift; sourceTree = "<group>"; };
		182A244F22BE494500B296C8 /* ViewController2.xib */ = {isa = PBXFileReference; lastKnownFileType = file.xib; path = ViewController2.xib; sourceTree = "<group>"; };
		183DD5DB22BCD13C0093D11C /* HelloAR.app */ = {isa = PBXFileReference; explicitFileType = wrapper.application; includeInIndex = 0; path = HelloAR.app; sourceTree = BUILT_PRODUCTS_DIR; };
		183DD5DE22BCD13C0093D11C /* AppDelegate.swift */ = {isa = PBXFileReference; lastKnownFileType = sourcecode.swift; path = AppDelegate.swift; sourceTree = "<group>"; };
		183DD5E022BCD13C0093D11C /* art.scnassets */ = {isa = PBXFileReference; lastKnownFileType = wrapper.scnassets; path = art.scnassets; sourceTree = "<group>"; };
		183DD5E222BCD13C0093D11C /* ViewController.swift */ = {isa = PBXFileReference; lastKnownFileType = sourcecode.swift; path = ViewController.swift; sourceTree = "<group>"; };
		183DD5E522BCD13C0093D11C /* Base */ = {isa = PBXFileReference; lastKnownFileType = file.storyboard; name = Base; path = Base.lproj/Main.storyboard; sourceTree = "<group>"; };
		183DD5E722BCD13E0093D11C /* Assets.xcassets */ = {isa = PBXFileReference; lastKnownFileType = folder.assetcatalog; path = Assets.xcassets; sourceTree = "<group>"; };
		183DD5EA22BCD13E0093D11C /* Base */ = {isa = PBXFileReference; lastKnownFileType = file.storyboard; name = Base; path = Base.lproj/LaunchScreen.storyboard; sourceTree = "<group>"; };
		183DD5EC22BCD13E0093D11C /* Info.plist */ = {isa = PBXFileReference; lastKnownFileType = text.plist.xml; path = Info.plist; sourceTree = "<group>"; };
/* End PBXFileReference section */

/* Begin PBXFrameworksBuildPhase section */
		183DD5D822BCD13C0093D11C /* Frameworks */ = {
			isa = PBXFrameworksBuildPhase;
			buildActionMask = 2147483647;
			files = (
			);
			runOnlyForDeploymentPostprocessing = 0;
		};
/* End PBXFrameworksBuildPhase section */

/* Begin PBXGroup section */
		183DD5D222BCD13C0093D11C = {
			isa = PBXGroup;
			children = (
				183DD5DD22BCD13C0093D11C /* HelloAR */,
				183DD5DC22BCD13C0093D11C /* Products */,
			);
			sourceTree = "<group>";
		};
		183DD5DC22BCD13C0093D11C /* Products */ = {
			isa = PBXGroup;
			children = (
				183DD5DB22BCD13C0093D11C /* HelloAR.app */,
			);
			name = Products;
			sourceTree = "<group>";
		};
		183DD5DD22BCD13C0093D11C /* HelloAR */ = {
			isa = PBXGroup;
			children = (
				183DD5DE22BCD13C0093D11C /* AppDelegate.swift */,
				183DD5E022BCD13C0093D11C /* art.scnassets */,
				183DD5E222BCD13C0093D11C /* ViewController.swift */,
				183DD5E422BCD13C0093D11C /* Main.storyboard */,
				183DD5E722BCD13E0093D11C /* Assets.xcassets */,
				183DD5E922BCD13E0093D11C /* LaunchScreen.storyboard */,
				183DD5EC22BCD13E0093D11C /* Info.plist */,
				182A244E22BE494500B296C8 /* ViewController2.swift */,
				182A244F22BE494500B296C8 /* ViewController2.xib */,
			);
			path = HelloAR;
			sourceTree = "<group>";
		};
/* End PBXGroup section */

/* Begin PBXNativeTarget section */
		183DD5DA22BCD13C0093D11C /* HelloAR */ = {
			isa = PBXNativeTarget;
			buildConfigurationList = 183DD5EF22BCD13E0093D11C /* Build configuration list for PBXNativeTarget "HelloAR" */;
			buildPhases = (
				183DD5D722BCD13C0093D11C /* Sources */,
				183DD5D822BCD13C0093D11C /* Frameworks */,
				183DD5D922BCD13C0093D11C /* Resources */,
			);
			buildRules = (
			);
			dependencies = (
			);
			name = HelloAR;
			productName = HelloAR;
			productReference = 183DD5DB22BCD13C0093D11C /* HelloAR.app */;
			productType = "com.apple.product-type.application";
		};
/* End PBXNativeTarget section */

/* Begin PBXProject section */
		183DD5D322BCD13C0093D11C /* Project object */ = {
			isa = PBXProject;
			attributes = {
				LastSwiftUpdateCheck = 1020;
				LastUpgradeCheck = 1020;
				ORGANIZATIONNAME = Jery;
				TargetAttributes = {
					183DD5DA22BCD13C0093D11C = {
						CreatedOnToolsVersion = 10.2.1;
					};
				};
			};
			buildConfigurationList = 183DD5D622BCD13C0093D11C /* Build configuration list for PBXProject "HelloAR" */;
			compatibilityVersion = "Xcode 9.3";
			developmentRegion = en;
			hasScannedForEncodings = 0;
			knownRegions = (
				en,
				Base,
			);
			mainGroup = 183DD5D222BCD13C0093D11C;
			productRefGroup = 183DD5DC22BCD13C0093D11C /* Products */;
			projectDirPath = "";
			projectRoot = "";
			targets = (
				183DD5DA22BCD13C0093D11C /* HelloAR */,
			);
		};
/* End PBXProject section */

/* Begin PBXResourcesBuildPhase section */
		183DD5D922BCD13C0093D11C /* Resources */ = {
			isa = PBXResourcesBuildPhase;
			buildActionMask = 2147483647;
			files = (
				182A245122BE494500B296C8 /* ViewController2.xib in Resources */,
				183DD5E122BCD13C0093D11C /* art.scnassets in Resources */,
				183DD5EB22BCD13E0093D11C /* LaunchScreen.storyboard in Resources */,
				183DD5E822BCD13E0093D11C /* Assets.xcassets in Resources */,
				183DD5E622BCD13C0093D11C /* Main.storyboard in Resources */,
			);
			runOnlyForDeploymentPostprocessing = 0;
		};
/* End PBXResourcesBuildPhase section */

/* Begin PBXSourcesBuildPhase section */
		183DD5D722BCD13C0093D11C /* Sources */ = {
			isa = PBXSourcesBuildPhase;
			buildActionMask = 2147483647;
			files = (
				183DD5E322BCD13C0093D11C /* ViewController.swift in Sources */,
				183DD5DF22BCD13C0093D11C /* AppDelegate.swift in Sources */,
				182A245022BE494500B296C8 /* ViewController2.swift in Sources */,
			);
			runOnlyForDeploymentPostprocessing = 0;
		};
/* End PBXSourcesBuildPhase section */

/* Begin PBXVariantGroup section */
		183DD5E422BCD13C0093D11C /* Main.storyboard */ = {
			isa = PBXVariantGroup;
			children = (
				183DD5E522BCD13C0093D11C /* Base */,
			);
			name = Main.storyboard;
			sourceTree = "<group>";
		};
		183DD5E922BCD13E0093D11C /* LaunchScreen.storyboard */ = {
			isa = PBXVariantGroup;
			children = (
				183DD5EA22BCD13E0093D11C /* Base */,
			);
			name = LaunchScreen.storyboard;
			sourceTree = "<group>";
		};
/* End PBXVariantGroup section */

/* Begin XCBuildConfiguration section */
		183DD5ED22BCD13E0093D11C /* Debug */ = {
			isa = XCBuildConfiguration;
			buildSettings = {
				ALWAYS_SEARCH_USER_PATHS = NO;
				CLANG_ANALYZER_NONNULL = YES;
				CLANG_ANALYZER_NUMBER_OBJECT_CONVERSION = YES_AGGRESSIVE;
				CLANG_CXX_LANGUAGE_STANDARD = "gnu++14";
				CLANG_CXX_LIBRARY = "libc++";
				CLANG_ENABLE_MODULES = YES;
				CLANG_ENABLE_OBJC_ARC = YES;
				CLANG_ENABLE_OBJC_WEAK = YES;
				CLANG_WARN_BLOCK_CAPTURE_AUTORELEASING = YES;
				CLANG_WARN_BOOL_CONVERSION = YES;
				CLANG_WARN_COMMA = YES;
				CLANG_WARN_CONSTANT_CONVERSION = YES;
				CLANG_WARN_DEPRECATED_OBJC_IMPLEMENTATIONS = YES;
				CLANG_WARN_DIRECT_OBJC_ISA_USAGE = YES_ERROR;
				CLANG_WARN_DOCUMENTATION_COMMENTS = YES;
				CLANG_WARN_EMPTY_BODY = YES;
				CLANG_WARN_ENUM_CONVERSION = YES;
				CLANG_WARN_INFINITE_RECURSION = YES;
				CLANG_WARN_INT_CONVERSION = YES;
				CLANG_WARN_NON_LITERAL_NULL_CONVERSION = YES;
				CLANG_WARN_OBJC_IMPLICIT_RETAIN_SELF = YES;
				CLANG_WARN_OBJC_LITERAL_CONVERSION = YES;
				CLANG_WARN_OBJC_ROOT_CLASS = YES_ERROR;
				CLANG_WARN_RANGE_LOOP_ANALYSIS = YES;
				CLANG_WARN_STRICT_PROTOTYPES = YES;
				CLANG_WARN_SUSPICIOUS_MOVE = YES;
				CLANG_WARN_UNGUARDED_AVAILABILITY = YES_AGGRESSIVE;
				CLANG_WARN_UNREACHABLE_CODE = YES;
				CLANG_WARN__DUPLICATE_METHOD_MATCH = YES;
				CODE_SIGN_IDENTITY = "iPhone Developer";
				COPY_PHASE_STRIP = NO;
				DEBUG_INFORMATION_FORMAT = dwarf;
				ENABLE_STRICT_OBJC_MSGSEND = YES;
				ENABLE_TESTABILITY = YES;
				GCC_C_LANGUAGE_STANDARD = gnu11;
				GCC_DYNAMIC_NO_PIC = NO;
				GCC_NO_COMMON_BLOCKS = YES;
				GCC_OPTIMIZATION_LEVEL = 0;
				GCC_PREPROCESSOR_DEFINITIONS = (
					"DEBUG=1",
					"$(inherited)",
				);
				GCC_WARN_64_TO_32_BIT_CONVERSION = YES;
				GCC_WARN_ABOUT_RETURN_TYPE = YES_ERROR;
				GCC_WARN_UNDECLARED_SELECTOR = YES;
				GCC_WARN_UNINITIALIZED_AUTOS = YES_AGGRESSIVE;
				GCC_WARN_UNUSED_FUNCTION = YES;
				GCC_WARN_UNUSED_VARIABLE = YES;
				IPHONEOS_DEPLOYMENT_TARGET = 12.2;
				MTL_ENABLE_DEBUG_INFO = INCLUDE_SOURCE;
				MTL_FAST_MATH = YES;
				ONLY_ACTIVE_ARCH = YES;
				SDKROOT = iphoneos;
				SWIFT_ACTIVE_COMPILATION_CONDITIONS = DEBUG;
				SWIFT_OPTIMIZATION_LEVEL = "-Onone";
			};
			name = Debug;
		};
		183DD5EE22BCD13E0093D11C /* Release */ = {
			isa = XCBuildConfiguration;
			buildSettings = {
				ALWAYS_SEARCH_USER_PATHS = NO;
				CLANG_ANALYZER_NONNULL = YES;
				CLANG_ANALYZER_NUMBER_OBJECT_CONVERSION = YES_AGGRESSIVE;
				CLANG_CXX_LANGUAGE_STANDARD = "gnu++14";
				CLANG_CXX_LIBRARY = "libc++";
				CLANG_ENABLE_MODULES = YES;
				CLANG_ENABLE_OBJC_ARC = YES;
				CLANG_ENABLE_OBJC_WEAK = YES;
				CLANG_WARN_BLOCK_CAPTURE_AUTORELEASING = YES;
				CLANG_WARN_BOOL_CONVERSION = YES;
				CLANG_WARN_COMMA = YES;
				CLANG_WARN_CONSTANT_CONVERSION = YES;
				CLANG_WARN_DEPRECATED_OBJC_IMPLEMENTATIONS = YES;
				CLANG_WARN_DIRECT_OBJC_ISA_USAGE = YES_ERROR;
				CLANG_WARN_DOCUMENTATION_COMMENTS = YES;
				CLANG_WARN_EMPTY_BODY = YES;
				CLANG_WARN_ENUM_CONVERSION = YES;
				CLANG_WARN_INFINITE_RECURSION = YES;
				CLANG_WARN_INT_CONVERSION = YES;
				CLANG_WARN_NON_LITERAL_NULL_CONVERSION = YES;
				CLANG_WARN_OBJC_IMPLICIT_RETAIN_SELF = YES;
				CLANG_WARN_OBJC_LITERAL_CONVERSION = YES;
				CLANG_WARN_OBJC_ROOT_CLASS = YES_ERROR;
				CLANG_WARN_RANGE_LOOP_ANALYSIS = YES;
				CLANG_WARN_STRICT_PROTOTYPES = YES;
				CLANG_WARN_SUSPICIOUS_MOVE = YES;
				CLANG_WARN_UNGUARDED_AVAILABILITY = YES_AGGRESSIVE;
				CLANG_WARN_UNREACHABLE_CODE = YES;
				CLANG_WARN__DUPLICATE_METHOD_MATCH = YES;
				CODE_SIGN_IDENTITY = "iPhone Developer";
				COPY_PHASE_STRIP = NO;
				DEBUG_INFORMATION_FORMAT = "dwarf-with-dsym";
				ENABLE_NS_ASSERTIONS = NO;
				ENABLE_STRICT_OBJC_MSGSEND = YES;
				GCC_C_LANGUAGE_STANDARD = gnu11;
				GCC_NO_COMMON_BLOCKS = YES;
				GCC_WARN_64_TO_32_BIT_CONVERSION = YES;
				GCC_WARN_ABOUT_RETURN_TYPE = YES_ERROR;
				GCC_WARN_UNDECLARED_SELECTOR = YES;
				GCC_WARN_UNINITIALIZED_AUTOS = YES_AGGRESSIVE;
				GCC_WARN_UNUSED_FUNCTION = YES;
				GCC_WARN_UNUSED_VARIABLE = YES;
				IPHONEOS_DEPLOYMENT_TARGET = 12.2;
				MTL_ENABLE_DEBUG_INFO = NO;
				MTL_FAST_MATH = YES;
				SDKROOT = iphoneos;
				SWIFT_COMPILATION_MODE = wholemodule;
				SWIFT_OPTIMIZATION_LEVEL = "-O";
				VALIDATE_PRODUCT = YES;
			};
			name = Release;
		};
		183DD5F022BCD13E0093D11C /* Debug */ = {
			isa = XCBuildConfiguration;
			buildSettings = {
				ASSETCATALOG_COMPILER_APPICON_NAME = AppIcon;
				CODE_SIGN_STYLE = Automatic;
				DEVELOPMENT_TEAM = DRGPU564F2;
				INFOPLIST_FILE = HelloAR/Info.plist;
				LD_RUNPATH_SEARCH_PATHS = (
					"$(inherited)",
					"@executable_path/Frameworks",
				);
				PRODUCT_BUNDLE_IDENTIFIER = com.jery.test.HelloAR;
				PRODUCT_NAME = "$(TARGET_NAME)";
				SWIFT_VERSION = 5.0;
				TARGETED_DEVICE_FAMILY = "1,2";
			};
			name = Debug;
		};
		183DD5F122BCD13E0093D11C /* Release */ = {
			isa = XCBuildConfiguration;
			buildSettings = {
				ASSETCATALOG_COMPILER_APPICON_NAME = AppIcon;
				CODE_SIGN_STYLE = Automatic;
				DEVELOPMENT_TEAM = DRGPU564F2;
				INFOPLIST_FILE = HelloAR/Info.plist;
				LD_RUNPATH_SEARCH_PATHS = (
					"$(inherited)",
					"@executable_path/Frameworks",
				);
				PRODUCT_BUNDLE_IDENTIFIER = com.jery.test.HelloAR;
				PRODUCT_NAME = "$(TARGET_NAME)";
				SWIFT_VERSION = 5.0;
				TARGETED_DEVICE_FAMILY = "1,2";
			};
			name = Release;
		};
/* End XCBuildConfiguration section */

/* Begin XCConfigurationList section */
		183DD5D622BCD13C0093D11C /* Build configuration list for PBXProject "HelloAR" */ = {
			isa = XCConfigurationList;
			buildConfigurations = (
				183DD5ED22BCD13E0093D11C /* Debug */,
				183DD5EE22BCD13E0093D11C /* Release */,
			);
			defaultConfigurationIsVisible = 0;
			defaultConfigurationName = Release;
		};
		183DD5EF22BCD13E0093D11C /* Build configuration list for PBXNativeTarget "HelloAR" */ = {
			isa = XCConfigurationList;
			buildConfigurations = (
				183DD5F022BCD13E0093D11C /* Debug */,
				183DD5F122BCD13E0093D11C /* Release */,
			);
			defaultConfigurationIsVisible = 0;
			defaultConfigurationName = Release;
		};
/* End XCConfigurationList section */
	};
	rootObject = 183DD5D322BCD13C0093D11C /* Project object */;
}
